
Microsoft Visual Studio Solution File, Format Version 12.00
# Visual Studio Version 16
VisualStudioVersion = 16.0.29613.14
MinimumVisualStudioVersion = 10.0.40219.1
Project("{888888A0-9F3D-457C-B088-3A5042F75D52}") = "AmitWebProject", "AmitWebProject\AmitWebProject.pyproj", "{9EFA7AB5-4C9A-495A-975E-AD2A0ED549D7}"
EndProject
Global
	GlobalSection(SolutionConfigurationPlatforms) = preSolution
		Debug|Any CPU = Debug|Any CPU
		Release|Any CPU = Release|Any CPU
	EndGlobalSection
	GlobalSection(ProjectConfigurationPlatforms) = postSolution
		{9EFA7AB5-4C9A-495A-975E-AD2A0ED549D7}.Debug|Any CPU.ActiveCfg = Debug|Any CPU
		{9EFA7AB5-4C9A-495A-975E-AD2A0ED549D7}.Debug|Any CPU.Build.0 = Debug|Any CPU
		{9EFA7AB5-4C9A-495A-975E-AD2A0ED549D7}.Release|Any CPU.ActiveCfg = Release|Any CPU
		{9EFA7AB5-4C9A-495A-975E-AD2A0ED549D7}.Release|Any CPU.Build.0 = Release|Any CPU
	EndGlobalSection
	GlobalSection(SolutionProperties) = preSolution
		HideSolutionNode = FALSE
	EndGlobalSection
	GlobalSection(ExtensibilityGlobals) = postSolution
		SolutionGuid = {2F2F7A8F-2D04-4A80-8F3E-AA906175EF94}
	EndGlobalSection
EndGlobal
